// !$*UTF8*$!
{
	archiveVersion = 1;
	classes = {
	};
	objectVersion = 51;
	objects = {

/* Begin PBXBuildFile section */
		2F2A5B23257B25D80018E92A /* AppDelegate.swift in Sources */ = {isa = PBXBuildFile; fileRef = 2F2A5B22257B25D80018E92A /* AppDelegate.swift */; };
		2F2A5B25257B25D80018E92A /* SceneDelegate.swift in Sources */ = {isa = PBXBuildFile; fileRef = 2F2A5B24257B25D80018E92A /* SceneDelegate.swift */; };
		2F2A5B27257B25D80018E92A /* ViewController.swift in Sources */ = {isa = PBXBuildFile; fileRef = 2F2A5B26257B25D80018E92A /* ViewController.swift */; };
		2F2A5B2A257B25D80018E92A /* Main.storyboard in Resources */ = {isa = PBXBuildFile; fileRef = 2F2A5B28257B25D80018E92A /* Main.storyboard */; };
		2F2A5B2C257B25D80018E92A /* Assets.xcassets in Resources */ = {isa = PBXBuildFile; fileRef = 2F2A5B2B257B25D80018E92A /* Assets.xcassets */; };
		2F2A5B2F257B25D80018E92A /* LaunchScreen.storyboard in Resources */ = {isa = PBXBuildFile; fileRef = 2F2A5B2D257B25D80018E92A /* LaunchScreen.storyboard */; };
		2F2A5B37257B270C0018E92A /* SQLiteManager.swift in Sources */ = {isa = PBXBuildFile; fileRef = 2F2A5B36257B270C0018E92A /* SQLiteManager.swift */; };
		2F2A5B39257B2C350018E92A /* User.swift in Sources */ = {isa = PBXBuildFile; fileRef = 2F2A5B38257B2C350018E92A /* User.swift */; };
		2F2A5B3B257BE2550018E92A /* SQLModel.swift in Sources */ = {isa = PBXBuildFile; fileRef = 2F2A5B3A257BE2550018E92A /* SQLModel.swift */; };
		2F2A5B3E257E6BDC0018E92A /* ZLBottomNavController.swift in Sources */ = {isa = PBXBuildFile; fileRef = 2F2A5B3D257E6BDC0018E92A /* ZLBottomNavController.swift */; };
		2F2A5B44257E6DAB0018E92A /* ZLIndexViewController.swift in Sources */ = {isa = PBXBuildFile; fileRef = 2F2A5B43257E6DAB0018E92A /* ZLIndexViewController.swift */; };
		2F2A5B46257E6DBA0018E92A /* ZLActivityViewController.swift in Sources */ = {isa = PBXBuildFile; fileRef = 2F2A5B45257E6DBA0018E92A /* ZLActivityViewController.swift */; };
		2F2A5B48257E6DD50018E92A /* ZLDtaileViewController.swift in Sources */ = {isa = PBXBuildFile; fileRef = 2F2A5B47257E6DD50018E92A /* ZLDtaileViewController.swift */; };
		2F2A5B4A257E6DE50018E92A /* ZLPersionCenterViewController.swift in Sources */ = {isa = PBXBuildFile; fileRef = 2F2A5B49257E6DE50018E92A /* ZLPersionCenterViewController.swift */; };
		2F4C81E3257FD7F8006365FD /* iconfont.ttf in Resources */ = {isa = PBXBuildFile; fileRef = 2F4C81E2257FD76B006365FD /* iconfont.ttf */; };
		2F4C81E9257FD956006365FD /* ZLUIFont+Extension.swift in Sources */ = {isa = PBXBuildFile; fileRef = 2F4C81E8257FD956006365FD /* ZLUIFont+Extension.swift */; };
		2F4C81EB257FDBAA006365FD /* ZLUILabel+Extension.swift in Sources */ = {isa = PBXBuildFile; fileRef = 2F4C81EA257FDBAA006365FD /* ZLUILabel+Extension.swift */; };
		2F4C81ED257FDD5D006365FD /* UIImage+Extension.swift in Sources */ = {isa = PBXBuildFile; fileRef = 2F4C81EC257FDD5D006365FD /* UIImage+Extension.swift */; };
		2F6D0FEF25825DD900FFE97E /* ZLWinterFlowLayout.swift in Sources */ = {isa = PBXBuildFile; fileRef = 2F6D0FEE25825DD900FFE97E /* ZLWinterFlowLayout.swift */; };
		FC6F50698E1BD622F3D70A49 /* Pods_news.framework in Frameworks */ = {isa = PBXBuildFile; fileRef = 323B49F03ACB18C1DE4F5B6F /* Pods_news.framework */; };
/* End PBXBuildFile section */

/* Begin PBXFileReference section */
		2F2A5B22257B25D80018E92A /* AppDelegate.swift */ = {isa = PBXFileReference; lastKnownFileType = sourcecode.swift; path = AppDelegate.swift; sourceTree = "<group>"; };
		2F2A5B24257B25D80018E92A /* SceneDelegate.swift */ = {isa = PBXFileReference; lastKnownFileType = sourcecode.swift; path = SceneDelegate.swift; sourceTree = "<group>"; };
		2F2A5B26257B25D80018E92A /* ViewController.swift */ = {isa = PBXFileReference; lastKnownFileType = sourcecode.swift; path = ViewController.swift; sourceTree = "<group>"; };
		2F2A5B29257B25D80018E92A /* Base */ = {isa = PBXFileReference; lastKnownFileType = file.storyboard; name = Base; path = Base.lproj/Main.storyboard; sourceTree = "<group>"; };
		2F2A5B2B257B25D80018E92A /* Assets.xcassets */ = {isa = PBXFileReference; lastKnownFileType = folder.assetcatalog; path = Assets.xcassets; sourceTree = "<group>"; };
		2F2A5B2E257B25D80018E92A /* Base */ = {isa = PBXFileReference; lastKnownFileType = file.storyboard; name = Base; path = Base.lproj/LaunchScreen.storyboard; sourceTree = "<group>"; };
		2F2A5B30257B25D80018E92A /* Info.plist */ = {isa = PBXFileReference; lastKnownFileType = text.plist.xml; path = Info.plist; sourceTree = "<group>"; };
		2F2A5B36257B270C0018E92A /* SQLiteManager.swift */ = {isa = PBXFileReference; lastKnownFileType = sourcecode.swift; path = SQLiteManager.swift; sourceTree = "<group>"; };
		2F2A5B38257B2C350018E92A /* User.swift */ = {isa = PBXFileReference; lastKnownFileType = sourcecode.swift; path = User.swift; sourceTree = "<group>"; };
		2F2A5B3A257BE2550018E92A /* SQLModel.swift */ = {isa = PBXFileReference; lastKnownFileType = sourcecode.swift; path = SQLModel.swift; sourceTree = "<group>"; };
		2F2A5B3D257E6BDC0018E92A /* ZLBottomNavController.swift */ = {isa = PBXFileReference; lastKnownFileType = sourcecode.swift; path = ZLBottomNavController.swift; sourceTree = "<group>"; };
		2F2A5B43257E6DAB0018E92A /* ZLIndexViewController.swift */ = {isa = PBXFileReference; lastKnownFileType = sourcecode.swift; path = ZLIndexViewController.swift; sourceTree = "<group>"; };
		2F2A5B45257E6DBA0018E92A /* ZLActivityViewController.swift */ = {isa = PBXFileReference; lastKnownFileType = sourcecode.swift; path = ZLActivityViewController.swift; sourceTree = "<group>"; };
		2F2A5B47257E6DD50018E92A /* ZLDtaileViewController.swift */ = {isa = PBXFileReference; lastKnownFileType = sourcecode.swift; path = ZLDtaileViewController.swift; sourceTree = "<group>"; };
		2F2A5B49257E6DE50018E92A /* ZLPersionCenterViewController.swift */ = {isa = PBXFileReference; lastKnownFileType = sourcecode.swift; path = ZLPersionCenterViewController.swift; sourceTree = "<group>"; };
		2F4C81E2257FD76B006365FD /* iconfont.ttf */ = {isa = PBXFileReference; lastKnownFileType = file; path = iconfont.ttf; sourceTree = "<group>"; };
		2F4C81E8257FD956006365FD /* ZLUIFont+Extension.swift */ = {isa = PBXFileReference; lastKnownFileType = sourcecode.swift; path = "ZLUIFont+Extension.swift"; sourceTree = "<group>"; };
		2F4C81EA257FDBAA006365FD /* ZLUILabel+Extension.swift */ = {isa = PBXFileReference; lastKnownFileType = sourcecode.swift; path = "ZLUILabel+Extension.swift"; sourceTree = "<group>"; };
		2F4C81EC257FDD5D006365FD /* UIImage+Extension.swift */ = {isa = PBXFileReference; lastKnownFileType = sourcecode.swift; path = "UIImage+Extension.swift"; sourceTree = "<group>"; };
		2F6D0FEE25825DD900FFE97E /* ZLWinterFlowLayout.swift */ = {isa = PBXFileReference; lastKnownFileType = sourcecode.swift; path = ZLWinterFlowLayout.swift; sourceTree = "<group>"; };
		2F8BE9012581165200033825 /* news.app */ = {isa = PBXFileReference; explicitFileType = wrapper.application; includeInIndex = 0; path = news.app; sourceTree = BUILT_PRODUCTS_DIR; };
		323B49F03ACB18C1DE4F5B6F /* Pods_news.framework */ = {isa = PBXFileReference; explicitFileType = wrapper.framework; includeInIndex = 0; path = Pods_news.framework; sourceTree = BUILT_PRODUCTS_DIR; };
		39C3878D234256CE2C403CB8 /* Pods-news.release.xcconfig */ = {isa = PBXFileReference; includeInIndex = 1; lastKnownFileType = text.xcconfig; name = "Pods-news.release.xcconfig"; path = "Target Support Files/Pods-news/Pods-news.release.xcconfig"; sourceTree = "<group>"; };
		6122CBCFFEAD64295B4F1C34 /* Pods-news.debug.xcconfig */ = {isa = PBXFileReference; includeInIndex = 1; lastKnownFileType = text.xcconfig; name = "Pods-news.debug.xcconfig"; path = "Target Support Files/Pods-news/Pods-news.debug.xcconfig"; sourceTree = "<group>"; };
/* End PBXFileReference section */

/* Begin PBXFrameworksBuildPhase section */
		2F2A5B1C257B25D80018E92A /* Frameworks */ = {
			isa = PBXFrameworksBuildPhase;
			buildActionMask = 2147483647;
			files = (
				FC6F50698E1BD622F3D70A49 /* Pods_news.framework in Frameworks */,
			);
			runOnlyForDeploymentPostprocessing = 0;
		};
/* End PBXFrameworksBuildPhase section */

/* Begin PBXGroup section */
		2F2A5B16257B25D80018E92A = {
			isa = PBXGroup;
			children = (
				2F2A5B21257B25D80018E92A /* news */,
				97CF84401275D20BCC4BE43A /* Pods */,
				5413B6706E419F33BF64EB81 /* Frameworks */,
				2F8BE9012581165200033825 /* news.app */,
			);
			sourceTree = "<group>";
		};
		2F2A5B21257B25D80018E92A /* news */ = {
			isa = PBXGroup;
			children = (
				2F4C81E7257FD921006365FD /* 自定义扩展 */,
				2F4C81E4257FD81A006365FD /* 自定义类 */,
				2F4C81E1257FD712006365FD /* 静态资源 */,
				2F2A5B42257E6D920018E92A /* 个人中心 */,
				2F2A5B41257E6D7A0018E92A /* 车辆展示 */,
				2F2A5B40257E6D710018E92A /* 活动信息 */,
				2F2A5B3F257E6D640018E92A /* 首页 */,
				2F2A5B3C257E6B830018E92A /* 扩展控制器 */,
				2F2A5B22257B25D80018E92A /* AppDelegate.swift */,
				2F2A5B24257B25D80018E92A /* SceneDelegate.swift */,
				2F2A5B26257B25D80018E92A /* ViewController.swift */,
				2F2A5B28257B25D80018E92A /* Main.storyboard */,
				2F2A5B2B257B25D80018E92A /* Assets.xcassets */,
				2F2A5B2D257B25D80018E92A /* LaunchScreen.storyboard */,
				2F2A5B30257B25D80018E92A /* Info.plist */,
				2F2A5B36257B270C0018E92A /* SQLiteManager.swift */,
				2F2A5B38257B2C350018E92A /* User.swift */,
				2F2A5B3A257BE2550018E92A /* SQLModel.swift */,
			);
			path = news;
			sourceTree = "<group>";
		};
		2F2A5B3C257E6B830018E92A /* 扩展控制器 */ = {
			isa = PBXGroup;
			children = (
				2F2A5B3D257E6BDC0018E92A /* ZLBottomNavController.swift */,
			);
			path = "扩展控制器";
			sourceTree = "<group>";
		};
		2F2A5B3F257E6D640018E92A /* 首页 */ = {
			isa = PBXGroup;
			children = (
				2F2A5B43257E6DAB0018E92A /* ZLIndexViewController.swift */,
			);
			path = "首页";
			sourceTree = "<group>";
		};
		2F2A5B40257E6D710018E92A /* 活动信息 */ = {
			isa = PBXGroup;
			children = (
				2F2A5B45257E6DBA0018E92A /* ZLActivityViewController.swift */,
			);
			path = "活动信息";
			sourceTree = "<group>";
		};
		2F2A5B41257E6D7A0018E92A /* 车辆展示 */ = {
			isa = PBXGroup;
			children = (
				2F2A5B47257E6DD50018E92A /* ZLDtaileViewController.swift */,
			);
			path = "车辆展示";
			sourceTree = "<group>";
		};
		2F2A5B42257E6D920018E92A /* 个人中心 */ = {
			isa = PBXGroup;
			children = (
				2F2A5B49257E6DE50018E92A /* ZLPersionCenterViewController.swift */,
			);
			path = "个人中心";
			sourceTree = "<group>";
		};
		2F4C81E1257FD712006365FD /* 静态资源 */ = {
			isa = PBXGroup;
			children = (
				2F4C81E2257FD76B006365FD /* iconfont.ttf */,
			);
			path = "静态资源";
			sourceTree = "<group>";
		};
		2F4C81E4257FD81A006365FD /* 自定义类 */ = {
			isa = PBXGroup;
			children = (
				2F6D0FEE25825DD900FFE97E /* ZLWinterFlowLayout.swift */,
			);
			path = "自定义类";
			sourceTree = "<group>";
		};
		2F4C81E7257FD921006365FD /* 自定义扩展 */ = {
			isa = PBXGroup;
			children = (
				2F4C81E8257FD956006365FD /* ZLUIFont+Extension.swift */,
				2F4C81EA257FDBAA006365FD /* ZLUILabel+Extension.swift */,
				2F4C81EC257FDD5D006365FD /* UIImage+Extension.swift */,
			);
			path = "自定义扩展";
			sourceTree = "<group>";
		};
		5413B6706E419F33BF64EB81 /* Frameworks */ = {
			isa = PBXGroup;
			children = (
				323B49F03ACB18C1DE4F5B6F /* Pods_news.framework */,
			);
			name = Frameworks;
			sourceTree = "<group>";
		};
		97CF84401275D20BCC4BE43A /* Pods */ = {
			isa = PBXGroup;
			children = (
				6122CBCFFEAD64295B4F1C34 /* Pods-news.debug.xcconfig */,
				39C3878D234256CE2C403CB8 /* Pods-news.release.xcconfig */,
			);
			path = Pods;
			sourceTree = "<group>";
		};
/* End PBXGroup section */

/* Begin PBXNativeTarget section */
		2F2A5B1E257B25D80018E92A /* news */ = {
			isa = PBXNativeTarget;
			buildConfigurationList = 2F2A5B33257B25D80018E92A /* Build configuration list for PBXNativeTarget "news" */;
			buildPhases = (
				4045124BD2BE066B04ED7049 /* [CP] Check Pods Manifest.lock */,
				2F2A5B1B257B25D80018E92A /* Sources */,
				2F2A5B1C257B25D80018E92A /* Frameworks */,
				2F2A5B1D257B25D80018E92A /* Resources */,
				2C5C9B5AFA8430E7267A0DF5 /* [CP] Embed Pods Frameworks */,
			);
			buildRules = (
			);
			dependencies = (
			);
			name = news;
			productName = news;
			productReference = 2F8BE9012581165200033825 /* news.app */;
			productType = "com.apple.product-type.application";
		};
/* End PBXNativeTarget section */

/* Begin PBXProject section */
		2F2A5B17257B25D80018E92A /* Project object */ = {
			isa = PBXProject;
			attributes = {
				LastSwiftUpdateCheck = 1170;
				LastUpgradeCheck = 1170;
				ORGANIZATIONNAME = "张杰";
				TargetAttributes = {
					2F2A5B1E257B25D80018E92A = {
						CreatedOnToolsVersion = 11.7;
					};
				};
			};
			buildConfigurationList = 2F2A5B1A257B25D80018E92A /* Build configuration list for PBXProject "news" */;
			compatibilityVersion = "Xcode 9.3";
			developmentRegion = en;
			hasScannedForEncodings = 0;
			knownRegions = (
				en,
				Base,
			);
			mainGroup = 2F2A5B16257B25D80018E92A;
			productRefGroup = 2F2A5B16257B25D80018E92A;
			projectDirPath = "";
			projectRoot = "";
			targets = (
				2F2A5B1E257B25D80018E92A /* news */,
			);
		};
/* End PBXProject section */

/* Begin PBXResourcesBuildPhase section */
		2F2A5B1D257B25D80018E92A /* Resources */ = {
			isa = PBXResourcesBuildPhase;
			buildActionMask = 2147483647;
			files = (
				2F4C81E3257FD7F8006365FD /* iconfont.ttf in Resources */,
				2F2A5B2F257B25D80018E92A /* LaunchScreen.storyboard in Resources */,
				2F2A5B2C257B25D80018E92A /* Assets.xcassets in Resources */,
				2F2A5B2A257B25D80018E92A /* Main.storyboard in Resources */,
			);
			runOnlyForDeploymentPostprocessing = 0;
		};
/* End PBXResourcesBuildPhase section */

/* Begin PBXShellScriptBuildPhase section */
		2C5C9B5AFA8430E7267A0DF5 /* [CP] Embed Pods Frameworks */ = {
			isa = PBXShellScriptBuildPhase;
			buildActionMask = 2147483647;
			files = (
			);
			inputFileListPaths = (
				"${PODS_ROOT}/Target Support Files/Pods-news/Pods-news-frameworks-${CONFIGURATION}-input-files.xcfilelist",
			);
			name = "[CP] Embed Pods Frameworks";
			outputFileListPaths = (
				"${PODS_ROOT}/Target Support Files/Pods-news/Pods-news-frameworks-${CONFIGURATION}-output-files.xcfilelist",
			);
			runOnlyForDeploymentPostprocessing = 0;
			shellPath = /bin/sh;
			shellScript = "\"${PODS_ROOT}/Target Support Files/Pods-news/Pods-news-frameworks.sh\"\n";
			showEnvVarsInLog = 0;
		};
		4045124BD2BE066B04ED7049 /* [CP] Check Pods Manifest.lock */ = {
			isa = PBXShellScriptBuildPhase;
			buildActionMask = 2147483647;
			files = (
			);
			inputFileListPaths = (
			);
			inputPaths = (
				"${PODS_PODFILE_DIR_PATH}/Podfile.lock",
				"${PODS_ROOT}/Manifest.lock",
			);
			name = "[CP] Check Pods Manifest.lock";
			outputFileListPaths = (
			);
			outputPaths = (
				"$(DERIVED_FILE_DIR)/Pods-news-checkManifestLockResult.txt",
			);
			runOnlyForDeploymentPostprocessing = 0;
			shellPath = /bin/sh;
			shellScript = "diff \"${PODS_PODFILE_DIR_PATH}/Podfile.lock\" \"${PODS_ROOT}/Manifest.lock\" > /dev/null\nif [ $? != 0 ] ; then\n    # print error to STDERR\n    echo \"error: The sandbox is not in sync with the Podfile.lock. Run 'pod install' or update your CocoaPods installation.\" >&2\n    exit 1\nfi\n# This output is used by Xcode 'outputs' to avoid re-running this script phase.\necho \"SUCCESS\" > \"${SCRIPT_OUTPUT_FILE_0}\"\n";
			showEnvVarsInLog = 0;
		};
/* End PBXShellScriptBuildPhase section */

/* Begin PBXSourcesBuildPhase section */
		2F2A5B1B257B25D80018E92A /* Sources */ = {
			isa = PBXSourcesBuildPhase;
			buildActionMask = 2147483647;
			files = (
				2F2A5B27257B25D80018E92A /* ViewController.swift in Sources */,
				2F4C81ED257FDD5D006365FD /* UIImage+Extension.swift in Sources */,
				2F2A5B23257B25D80018E92A /* AppDelegate.swift in Sources */,
				2F4C81EB257FDBAA006365FD /* ZLUILabel+Extension.swift in Sources */,
				2F2A5B4A257E6DE50018E92A /* ZLPersionCenterViewController.swift in Sources */,
				2F2A5B25257B25D80018E92A /* SceneDelegate.swift in Sources */,
				2F2A5B44257E6DAB0018E92A /* ZLIndexViewController.swift in Sources */,
				2F2A5B46257E6DBA0018E92A /* ZLActivityViewController.swift in Sources */,
				2F6D0FEF25825DD900FFE97E /* ZLWinterFlowLayout.swift in Sources */,
				2F2A5B3E257E6BDC0018E92A /* ZLBottomNavController.swift in Sources */,
				2F2A5B39257B2C350018E92A /* User.swift in Sources */,
				2F4C81E9257FD956006365FD /* ZLUIFont+Extension.swift in Sources */,
				2F2A5B3B257BE2550018E92A /* SQLModel.swift in Sources */,
				2F2A5B37257B270C0018E92A /* SQLiteManager.swift in Sources */,
				2F2A5B48257E6DD50018E92A /* ZLDtaileViewController.swift in Sources */,
			);
			runOnlyForDeploymentPostprocessing = 0;
		};
/* End PBXSourcesBuildPhase section */

/* Begin PBXVariantGroup section */
		2F2A5B28257B25D80018E92A /* Main.storyboard */ = {
			isa = PBXVariantGroup;
			children = (
				2F2A5B29257B25D80018E92A /* Base */,
			);
			name = Main.storyboard;
			sourceTree = "<group>";
		};
		2F2A5B2D257B25D80018E92A /* LaunchScreen.storyboard */ = {
			isa = PBXVariantGroup;
			children = (
				2F2A5B2E257B25D80018E92A /* Base */,
			);
			name = LaunchScreen.storyboard;
			sourceTree = "<group>";
		};
/* End PBXVariantGroup section */

/* Begin XCBuildConfiguration section */
		2F2A5B31257B25D80018E92A /* Debug */ = {
			isa = XCBuildConfiguration;
			buildSettings = {
				ALWAYS_SEARCH_USER_PATHS = NO;
				CLANG_ANALYZER_NONNULL = YES;
				CLANG_ANALYZER_NUMBER_OBJECT_CONVERSION = YES_AGGRESSIVE;
				CLANG_CXX_LANGUAGE_STANDARD = "gnu++14";
				CLANG_CXX_LIBRARY = "libc++";
				CLANG_ENABLE_MODULES = YES;
				CLANG_ENABLE_OBJC_ARC = YES;
				CLANG_ENABLE_OBJC_WEAK = YES;
				CLANG_WARN_BLOCK_CAPTURE_AUTORELEASING = YES;
				CLANG_WARN_BOOL_CONVERSION = YES;
				CLANG_WARN_COMMA = YES;
				CLANG_WARN_CONSTANT_CONVERSION = YES;
				CLANG_WARN_DEPRECATED_OBJC_IMPLEMENTATIONS = YES;
				CLANG_WARN_DIRECT_OBJC_ISA_USAGE = YES_ERROR;
				CLANG_WARN_DOCUMENTATION_COMMENTS = YES;
				CLANG_WARN_EMPTY_BODY = YES;
				CLANG_WARN_ENUM_CONVERSION = YES;
				CLANG_WARN_INFINITE_RECURSION = YES;
				CLANG_WARN_INT_CONVERSION = YES;
				CLANG_WARN_NON_LITERAL_NULL_CONVERSION = YES;
				CLANG_WARN_OBJC_IMPLICIT_RETAIN_SELF = YES;
				CLANG_WARN_OBJC_LITERAL_CONVERSION = YES;
				CLANG_WARN_OBJC_ROOT_CLASS = YES_ERROR;
				CLANG_WARN_RANGE_LOOP_ANALYSIS = YES;
				CLANG_WARN_STRICT_PROTOTYPES = YES;
				CLANG_WARN_SUSPICIOUS_MOVE = YES;
				CLANG_WARN_UNGUARDED_AVAILABILITY = YES_AGGRESSIVE;
				CLANG_WARN_UNREACHABLE_CODE = YES;
				CLANG_WARN__DUPLICATE_METHOD_MATCH = YES;
				COPY_PHASE_STRIP = NO;
				DEBUG_INFORMATION_FORMAT = dwarf;
				ENABLE_STRICT_OBJC_MSGSEND = YES;
				ENABLE_TESTABILITY = YES;
				GCC_C_LANGUAGE_STANDARD = gnu11;
				GCC_DYNAMIC_NO_PIC = NO;
				GCC_NO_COMMON_BLOCKS = YES;
				GCC_OPTIMIZATION_LEVEL = 0;
				GCC_PREPROCESSOR_DEFINITIONS = (
					"DEBUG=1",
					"$(inherited)",
				);
				GCC_WARN_64_TO_32_BIT_CONVERSION = YES;
				GCC_WARN_ABOUT_RETURN_TYPE = YES_ERROR;
				GCC_WARN_UNDECLARED_SELECTOR = YES;
				GCC_WARN_UNINITIALIZED_AUTOS = YES_AGGRESSIVE;
				GCC_WARN_UNUSED_FUNCTION = YES;
				GCC_WARN_UNUSED_VARIABLE = YES;
				IPHONEOS_DEPLOYMENT_TARGET = 14.2;
				MTL_ENABLE_DEBUG_INFO = INCLUDE_SOURCE;
				MTL_FAST_MATH = YES;
				ONLY_ACTIVE_ARCH = YES;
				SDKROOT = iphoneos;
				SWIFT_ACTIVE_COMPILATION_CONDITIONS = DEBUG;
				SWIFT_OPTIMIZATION_LEVEL = "-Onone";
			};
			name = Debug;
		};
		2F2A5B32257B25D80018E92A /* Release */ = {
			isa = XCBuildConfiguration;
			buildSettings = {
				ALWAYS_SEARCH_USER_PATHS = NO;
				CLANG_ANALYZER_NONNULL = YES;
				CLANG_ANALYZER_NUMBER_OBJECT_CONVERSION = YES_AGGRESSIVE;
				CLANG_CXX_LANGUAGE_STANDARD = "gnu++14";
				CLANG_CXX_LIBRARY = "libc++";
				CLANG_ENABLE_MODULES = YES;
				CLANG_ENABLE_OBJC_ARC = YES;
				CLANG_ENABLE_OBJC_WEAK = YES;
				CLANG_WARN_BLOCK_CAPTURE_AUTORELEASING = YES;
				CLANG_WARN_BOOL_CONVERSION = YES;
				CLANG_WARN_COMMA = YES;
				CLANG_WARN_CONSTANT_CONVERSION = YES;
				CLANG_WARN_DEPRECATED_OBJC_IMPLEMENTATIONS = YES;
				CLANG_WARN_DIRECT_OBJC_ISA_USAGE = YES_ERROR;
				CLANG_WARN_DOCUMENTATION_COMMENTS = YES;
				CLANG_WARN_EMPTY_BODY = YES;
				CLANG_WARN_ENUM_CONVERSION = YES;
				CLANG_WARN_INFINITE_RECURSION = YES;
				CLANG_WARN_INT_CONVERSION = YES;
				CLANG_WARN_NON_LITERAL_NULL_CONVERSION = YES;
				CLANG_WARN_OBJC_IMPLICIT_RETAIN_SELF = YES;
				CLANG_WARN_OBJC_LITERAL_CONVERSION = YES;
				CLANG_WARN_OBJC_ROOT_CLASS = YES_ERROR;
				CLANG_WARN_RANGE_LOOP_ANALYSIS = YES;
				CLANG_WARN_STRICT_PROTOTYPES = YES;
				CLANG_WARN_SUSPICIOUS_MOVE = YES;
				CLANG_WARN_UNGUARDED_AVAILABILITY = YES_AGGRESSIVE;
				CLANG_WARN_UNREACHABLE_CODE = YES;
				CLANG_WARN__DUPLICATE_METHOD_MATCH = YES;
				COPY_PHASE_STRIP = NO;
				DEBUG_INFORMATION_FORMAT = "dwarf-with-dsym";
				ENABLE_NS_ASSERTIONS = NO;
				ENABLE_STRICT_OBJC_MSGSEND = YES;
				GCC_C_LANGUAGE_STANDARD = gnu11;
				GCC_NO_COMMON_BLOCKS = YES;
				GCC_WARN_64_TO_32_BIT_CONVERSION = YES;
				GCC_WARN_ABOUT_RETURN_TYPE = YES_ERROR;
				GCC_WARN_UNDECLARED_SELECTOR = YES;
				GCC_WARN_UNINITIALIZED_AUTOS = YES_AGGRESSIVE;
				GCC_WARN_UNUSED_FUNCTION = YES;
				GCC_WARN_UNUSED_VARIABLE = YES;
				IPHONEOS_DEPLOYMENT_TARGET = 14.2;
				MTL_ENABLE_DEBUG_INFO = NO;
				MTL_FAST_MATH = YES;
				SDKROOT = iphoneos;
				SWIFT_COMPILATION_MODE = wholemodule;
				SWIFT_OPTIMIZATION_LEVEL = "-O";
				VALIDATE_PRODUCT = YES;
			};
			name = Release;
		};
		2F2A5B34257B25D80018E92A /* Debug */ = {
			isa = XCBuildConfiguration;
			baseConfigurationReference = 6122CBCFFEAD64295B4F1C34 /* Pods-news.debug.xcconfig */;
			buildSettings = {
				ASSETCATALOG_COMPILER_APPICON_NAME = AppIcon;
				ASSETCATALOG_COMPILER_LAUNCHIMAGE_NAME = "";
				CODE_SIGN_STYLE = Automatic;
				DEVELOPMENT_TEAM = YP4NL2MAYR;
				INFOPLIST_FILE = news/Info.plist;
				IPHONEOS_DEPLOYMENT_TARGET = 13.7;
				LD_RUNPATH_SEARCH_PATHS = (
					"$(inherited)",
					"@executable_path/Frameworks",
				);
				PRODUCT_BUNDLE_IDENTIFIER = beyourself1994.news;
				PRODUCT_NAME = "$(TARGET_NAME)";
				SWIFT_VERSION = 5.0;
				TARGETED_DEVICE_FAMILY = "1,2";
			};
			name = Debug;
		};
		2F2A5B35257B25D80018E92A /* Release */ = {
			isa = XCBuildConfiguration;
			baseConfigurationReference = 39C3878D234256CE2C403CB8 /* Pods-news.release.xcconfig */;
			buildSettings = {
				ASSETCATALOG_COMPILER_APPICON_NAME = AppIcon;
				ASSETCATALOG_COMPILER_LAUNCHIMAGE_NAME = "";
				CODE_SIGN_STYLE = Automatic;
				DEVELOPMENT_TEAM = YP4NL2MAYR;
				INFOPLIST_FILE = news/Info.plist;
				IPHONEOS_DEPLOYMENT_TARGET = 13.7;
				LD_RUNPATH_SEARCH_PATHS = (
					"$(inherited)",
					"@executable_path/Frameworks",
				);
				PRODUCT_BUNDLE_IDENTIFIER = beyourself1994.news;
				PRODUCT_NAME = "$(TARGET_NAME)";
				SWIFT_VERSION = 5.0;
				TARGETED_DEVICE_FAMILY = "1,2";
			};
			name = Release;
		};
/* End XCBuildConfiguration section */

/* Begin XCConfigurationList section */
		2F2A5B1A257B25D80018E92A /* Build configuration list for PBXProject "news" */ = {
			isa = XCConfigurationList;
			buildConfigurations = (
				2F2A5B31257B25D80018E92A /* Debug */,
				2F2A5B32257B25D80018E92A /* Release */,
			);
			defaultConfigurationIsVisible = 0;
			defaultConfigurationName = Release;
		};
		2F2A5B33257B25D80018E92A /* Build configuration list for PBXNativeTarget "news" */ = {
			isa = XCConfigurationList;
			buildConfigurations = (
				2F2A5B34257B25D80018E92A /* Debug */,
				2F2A5B35257B25D80018E92A /* Release */,
			);
			defaultConfigurationIsVisible = 0;
			defaultConfigurationName = Release;
		};
/* End XCConfigurationList section */
	};
	rootObject = 2F2A5B17257B25D80018E92A /* Project object */;
}
